// !$*UTF8*$!
{
	archiveVersion = 1;
	classes = {
	};
	objectVersion = 56;
	objects = {

/* Begin PBXBuildFile section */
		39891ED12B18864200BC0586 /* angels-in-coordinate-system.png in Resources */ = {isa = PBXBuildFile; fileRef = 39891ED02B18864200BC0586 /* angels-in-coordinate-system.png */; };
		39B825542A6FB77F006579CA /* AppDelegate.swift in Sources */ = {isa = PBXBuildFile; fileRef = 39B825532A6FB77F006579CA /* AppDelegate.swift */; };
		39B825562A6FB77F006579CA /* SceneDelegate.swift in Sources */ = {isa = PBXBuildFile; fileRef = 39B825552A6FB77F006579CA /* SceneDelegate.swift */; };
		39B825582A6FB77F006579CA /* ViewController.swift in Sources */ = {isa = PBXBuildFile; fileRef = 39B825572A6FB77F006579CA /* ViewController.swift */; };
		39B8255B2A6FB77F006579CA /* Main.storyboard in Resources */ = {isa = PBXBuildFile; fileRef = 39B825592A6FB77F006579CA /* Main.storyboard */; };
		39B8255D2A6FB781006579CA /* Assets.xcassets in Resources */ = {isa = PBXBuildFile; fileRef = 39B8255C2A6FB781006579CA /* Assets.xcassets */; };
		39B825602A6FB781006579CA /* LaunchScreen.storyboard in Resources */ = {isa = PBXBuildFile; fileRef = 39B8255E2A6FB781006579CA /* LaunchScreen.storyboard */; };
		39B825692A6FBBE4006579CA /* AppTabBar.swift in Sources */ = {isa = PBXBuildFile; fileRef = 39B825682A6FBBE4006579CA /* AppTabBar.swift */; };
		39B8256B2A6FBC9C006579CA /* AppTabBarViewController.swift in Sources */ = {isa = PBXBuildFile; fileRef = 39B8256A2A6FBC9C006579CA /* AppTabBarViewController.swift */; };
/* End PBXBuildFile section */

/* Begin PBXFileReference section */
		39891ED02B18864200BC0586 /* angels-in-coordinate-system.png */ = {isa = PBXFileReference; lastKnownFileType = image.png; path = "angels-in-coordinate-system.png"; sourceTree = "<group>"; };
		39B825502A6FB77F006579CA /* round-tab-bars.app */ = {isa = PBXFileReference; explicitFileType = wrapper.application; includeInIndex = 0; path = "round-tab-bars.app"; sourceTree = BUILT_PRODUCTS_DIR; };
		39B825532A6FB77F006579CA /* AppDelegate.swift */ = {isa = PBXFileReference; lastKnownFileType = sourcecode.swift; path = AppDelegate.swift; sourceTree = "<group>"; };
		39B825552A6FB77F006579CA /* SceneDelegate.swift */ = {isa = PBXFileReference; lastKnownFileType = sourcecode.swift; path = SceneDelegate.swift; sourceTree = "<group>"; };
		39B825572A6FB77F006579CA /* ViewController.swift */ = {isa = PBXFileReference; lastKnownFileType = sourcecode.swift; path = ViewController.swift; sourceTree = "<group>"; };
		39B8255A2A6FB77F006579CA /* Base */ = {isa = PBXFileReference; lastKnownFileType = file.storyboard; name = Base; path = Base.lproj/Main.storyboard; sourceTree = "<group>"; };
		39B8255C2A6FB781006579CA /* Assets.xcassets */ = {isa = PBXFileReference; lastKnownFileType = folder.assetcatalog; path = Assets.xcassets; sourceTree = "<group>"; };
		39B8255F2A6FB781006579CA /* Base */ = {isa = PBXFileReference; lastKnownFileType = file.storyboard; name = Base; path = Base.lproj/LaunchScreen.storyboard; sourceTree = "<group>"; };
		39B825612A6FB781006579CA /* Info.plist */ = {isa = PBXFileReference; lastKnownFileType = text.plist.xml; path = Info.plist; sourceTree = "<group>"; };
		39B825682A6FBBE4006579CA /* AppTabBar.swift */ = {isa = PBXFileReference; lastKnownFileType = sourcecode.swift; path = AppTabBar.swift; sourceTree = "<group>"; };
		39B8256A2A6FBC9C006579CA /* AppTabBarViewController.swift */ = {isa = PBXFileReference; lastKnownFileType = sourcecode.swift; path = AppTabBarViewController.swift; sourceTree = "<group>"; };
/* End PBXFileReference section */

/* Begin PBXFrameworksBuildPhase section */
		39B8254D2A6FB77F006579CA /* Frameworks */ = {
			isa = PBXFrameworksBuildPhase;
			buildActionMask = 2147483647;
			files = (
			);
			runOnlyForDeploymentPostprocessing = 0;
		};
/* End PBXFrameworksBuildPhase section */

/* Begin PBXGroup section */
		39B825472A6FB77F006579CA = {
			isa = PBXGroup;
			children = (
				39B825522A6FB77F006579CA /* round-tab-bars */,
				39B825512A6FB77F006579CA /* Products */,
			);
			sourceTree = "<group>";
		};
		39B825512A6FB77F006579CA /* Products */ = {
			isa = PBXGroup;
			children = (
				39B825502A6FB77F006579CA /* round-tab-bars.app */,
			);
			name = Products;
			sourceTree = "<group>";
		};
		39B825522A6FB77F006579CA /* round-tab-bars */ = {
			isa = PBXGroup;
			children = (
				39891ED02B18864200BC0586 /* angels-in-coordinate-system.png */,
				39B825672A6FBB9B006579CA /* Custom Tab Bar */,
				39B825532A6FB77F006579CA /* AppDelegate.swift */,
				39B825552A6FB77F006579CA /* SceneDelegate.swift */,
				39B825572A6FB77F006579CA /* ViewController.swift */,
				39B825592A6FB77F006579CA /* Main.storyboard */,
				39B8255C2A6FB781006579CA /* Assets.xcassets */,
				39B8255E2A6FB781006579CA /* LaunchScreen.storyboard */,
				39B825612A6FB781006579CA /* Info.plist */,
			);
			path = "round-tab-bars";
			sourceTree = "<group>";
		};
		39B825672A6FBB9B006579CA /* Custom Tab Bar */ = {
			isa = PBXGroup;
			children = (
				39B825682A6FBBE4006579CA /* AppTabBar.swift */,
				39B8256A2A6FBC9C006579CA /* AppTabBarViewController.swift */,
			);
			path = "Custom Tab Bar";
			sourceTree = "<group>";
		};
/* End PBXGroup section */

/* Begin PBXNativeTarget section */
		39B8254F2A6FB77F006579CA /* round-tab-bars */ = {
			isa = PBXNativeTarget;
			buildConfigurationList = 39B825642A6FB781006579CA /* Build configuration list for PBXNativeTarget "round-tab-bars" */;
			buildPhases = (
				39B8254C2A6FB77F006579CA /* Sources */,
				39B8254D2A6FB77F006579CA /* Frameworks */,
				39B8254E2A6FB77F006579CA /* Resources */,
			);
			buildRules = (
			);
			dependencies = (
			);
			name = "round-tab-bars";
			productName = "round-tab-bars";
			productReference = 39B825502A6FB77F006579CA /* round-tab-bars.app */;
			productType = "com.apple.product-type.application";
		};
/* End PBXNativeTarget section */

/* Begin PBXProject section */
		39B825482A6FB77F006579CA /* Project object */ = {
			isa = PBXProject;
			attributes = {
				BuildIndependentTargetsInParallel = 1;
				LastSwiftUpdateCheck = 1420;
				LastUpgradeCheck = 1420;
				TargetAttributes = {
					39B8254F2A6FB77F006579CA = {
						CreatedOnToolsVersion = 14.2;
					};
				};
			};
			buildConfigurationList = 39B8254B2A6FB77F006579CA /* Build configuration list for PBXProject "round-tab-bars" */;
			compatibilityVersion = "Xcode 14.0";
			developmentRegion = en;
			hasScannedForEncodings = 0;
			knownRegions = (
				en,
				Base,
			);
			mainGroup = 39B825472A6FB77F006579CA;
			productRefGroup = 39B825512A6FB77F006579CA /* Products */;
			projectDirPath = "";
			projectRoot = "";
			targets = (
				39B8254F2A6FB77F006579CA /* round-tab-bars */,
			);
		};
/* End PBXProject section */

/* Begin PBXResourcesBuildPhase section */
		39B8254E2A6FB77F006579CA /* Resources */ = {
			isa = PBXResourcesBuildPhase;
			buildActionMask = 2147483647;
			files = (
				39B825602A6FB781006579CA /* LaunchScreen.storyboard in Resources */,
				39B8255D2A6FB781006579CA /* Assets.xcassets in Resources */,
				39B8255B2A6FB77F006579CA /* Main.storyboard in Resources */,
				39891ED12B18864200BC0586 /* angels-in-coordinate-system.png in Resources */,
			);
			runOnlyForDeploymentPostprocessing = 0;
		};
/* End PBXResourcesBuildPhase section */

/* Begin PBXSourcesBuildPhase section */
		39B8254C2A6FB77F006579CA /* Sources */ = {
			isa = PBXSourcesBuildPhase;
			buildActionMask = 2147483647;
			files = (
				39B825582A6FB77F006579CA /* ViewController.swift in Sources */,
				39B8256B2A6FBC9C006579CA /* AppTabBarViewController.swift in Sources */,
				39B825542A6FB77F006579CA /* AppDelegate.swift in Sources */,
				39B825562A6FB77F006579CA /* SceneDelegate.swift in Sources */,
				39B825692A6FBBE4006579CA /* AppTabBar.swift in Sources */,
			);
			runOnlyForDeploymentPostprocessing = 0;
		};
/* End PBXSourcesBuildPhase section */

/* Begin PBXVariantGroup section */
		39B825592A6FB77F006579CA /* Main.storyboard */ = {
			isa = PBXVariantGroup;
			children = (
				39B8255A2A6FB77F006579CA /* Base */,
			);
			name = Main.storyboard;
			sourceTree = "<group>";
		};
		39B8255E2A6FB781006579CA /* LaunchScreen.storyboard */ = {
			isa = PBXVariantGroup;
			children = (
				39B8255F2A6FB781006579CA /* Base */,
			);
			name = LaunchScreen.storyboard;
			sourceTree = "<group>";
		};
/* End PBXVariantGroup section */

/* Begin XCBuildConfiguration section */
		39B825622A6FB781006579CA /* Debug */ = {
			isa = XCBuildConfiguration;
			buildSettings = {
				ALWAYS_SEARCH_USER_PATHS = NO;
				CLANG_ANALYZER_NONNULL = YES;
				CLANG_ANALYZER_NUMBER_OBJECT_CONVERSION = YES_AGGRESSIVE;
				CLANG_CXX_LANGUAGE_STANDARD = "gnu++20";
				CLANG_ENABLE_MODULES = YES;
				CLANG_ENABLE_OBJC_ARC = YES;
				CLANG_ENABLE_OBJC_WEAK = YES;
				CLANG_WARN_BLOCK_CAPTURE_AUTORELEASING = YES;
				CLANG_WARN_BOOL_CONVERSION = YES;
				CLANG_WARN_COMMA = YES;
				CLANG_WARN_CONSTANT_CONVERSION = YES;
				CLANG_WARN_DEPRECATED_OBJC_IMPLEMENTATIONS = YES;
				CLANG_WARN_DIRECT_OBJC_ISA_USAGE = YES_ERROR;
				CLANG_WARN_DOCUMENTATION_COMMENTS = YES;
				CLANG_WARN_EMPTY_BODY = YES;
				CLANG_WARN_ENUM_CONVERSION = YES;
				CLANG_WARN_INFINITE_RECURSION = YES;
				CLANG_WARN_INT_CONVERSION = YES;
				CLANG_WARN_NON_LITERAL_NULL_CONVERSION = YES;
				CLANG_WARN_OBJC_IMPLICIT_RETAIN_SELF = YES;
				CLANG_WARN_OBJC_LITERAL_CONVERSION = YES;
				CLANG_WARN_OBJC_ROOT_CLASS = YES_ERROR;
				CLANG_WARN_QUOTED_INCLUDE_IN_FRAMEWORK_HEADER = YES;
				CLANG_WARN_RANGE_LOOP_ANALYSIS = YES;
				CLANG_WARN_STRICT_PROTOTYPES = YES;
				CLANG_WARN_SUSPICIOUS_MOVE = YES;
				CLANG_WARN_UNGUARDED_AVAILABILITY = YES_AGGRESSIVE;
				CLANG_WARN_UNREACHABLE_CODE = YES;
				CLANG_WARN__DUPLICATE_METHOD_MATCH = YES;
				COPY_PHASE_STRIP = NO;
				DEBUG_INFORMATION_FORMAT = dwarf;
				ENABLE_STRICT_OBJC_MSGSEND = YES;
				ENABLE_TESTABILITY = YES;
				GCC_C_LANGUAGE_STANDARD = gnu11;
				GCC_DYNAMIC_NO_PIC = NO;
				GCC_NO_COMMON_BLOCKS = YES;
				GCC_OPTIMIZATION_LEVEL = 0;
				GCC_PREPROCESSOR_DEFINITIONS = (
					"DEBUG=1",
					"$(inherited)",
				);
				GCC_WARN_64_TO_32_BIT_CONVERSION = YES;
				GCC_WARN_ABOUT_RETURN_TYPE = YES_ERROR;
				GCC_WARN_UNDECLARED_SELECTOR = YES;
				GCC_WARN_UNINITIALIZED_AUTOS = YES_AGGRESSIVE;
				GCC_WARN_UNUSED_FUNCTION = YES;
				GCC_WARN_UNUSED_VARIABLE = YES;
				IPHONEOS_DEPLOYMENT_TARGET = 16.2;
				MTL_ENABLE_DEBUG_INFO = INCLUDE_SOURCE;
				MTL_FAST_MATH = YES;
				ONLY_ACTIVE_ARCH = YES;
				SDKROOT = iphoneos;
				SWIFT_ACTIVE_COMPILATION_CONDITIONS = DEBUG;
				SWIFT_OPTIMIZATION_LEVEL = "-Onone";
			};
			name = Debug;
		};
		39B825632A6FB781006579CA /* Release */ = {
			isa = XCBuildConfiguration;
			buildSettings = {
				ALWAYS_SEARCH_USER_PATHS = NO;
				CLANG_ANALYZER_NONNULL = YES;
				CLANG_ANALYZER_NUMBER_OBJECT_CONVERSION = YES_AGGRESSIVE;
				CLANG_CXX_LANGUAGE_STANDARD = "gnu++20";
				CLANG_ENABLE_MODULES = YES;
				CLANG_ENABLE_OBJC_ARC = YES;
				CLANG_ENABLE_OBJC_WEAK = YES;
				CLANG_WARN_BLOCK_CAPTURE_AUTORELEASING = YES;
				CLANG_WARN_BOOL_CONVERSION = YES;
				CLANG_WARN_COMMA = YES;
				CLANG_WARN_CONSTANT_CONVERSION = YES;
				CLANG_WARN_DEPRECATED_OBJC_IMPLEMENTATIONS = YES;
				CLANG_WARN_DIRECT_OBJC_ISA_USAGE = YES_ERROR;
				CLANG_WARN_DOCUMENTATION_COMMENTS = YES;
				CLANG_WARN_EMPTY_BODY = YES;
				CLANG_WARN_ENUM_CONVERSION = YES;
				CLANG_WARN_INFINITE_RECURSION = YES;
				CLANG_WARN_INT_CONVERSION = YES;
				CLANG_WARN_NON_LITERAL_NULL_CONVERSION = YES;
				CLANG_WARN_OBJC_IMPLICIT_RETAIN_SELF = YES;
				CLANG_WARN_OBJC_LITERAL_CONVERSION = YES;
				CLANG_WARN_OBJC_ROOT_CLASS = YES_ERROR;
				CLANG_WARN_QUOTED_INCLUDE_IN_FRAMEWORK_HEADER = YES;
				CLANG_WARN_RANGE_LOOP_ANALYSIS = YES;
				CLANG_WARN_STRICT_PROTOTYPES = YES;
				CLANG_WARN_SUSPICIOUS_MOVE = YES;
				CLANG_WARN_UNGUARDED_AVAILABILITY = YES_AGGRESSIVE;
				CLANG_WARN_UNREACHABLE_CODE = YES;
				CLANG_WARN__DUPLICATE_METHOD_MATCH = YES;
				COPY_PHASE_STRIP = NO;
				DEBUG_INFORMATION_FORMAT = "dwarf-with-dsym";
				ENABLE_NS_ASSERTIONS = NO;
				ENABLE_STRICT_OBJC_MSGSEND = YES;
				GCC_C_LANGUAGE_STANDARD = gnu11;
				GCC_NO_COMMON_BLOCKS = YES;
				GCC_WARN_64_TO_32_BIT_CONVERSION = YES;
				GCC_WARN_ABOUT_RETURN_TYPE = YES_ERROR;
				GCC_WARN_UNDECLARED_SELECTOR = YES;
				GCC_WARN_UNINITIALIZED_AUTOS = YES_AGGRESSIVE;
				GCC_WARN_UNUSED_FUNCTION = YES;
				GCC_WARN_UNUSED_VARIABLE = YES;
				IPHONEOS_DEPLOYMENT_TARGET = 16.2;
				MTL_ENABLE_DEBUG_INFO = NO;
				MTL_FAST_MATH = YES;
				SDKROOT = iphoneos;
				SWIFT_COMPILATION_MODE = wholemodule;
				SWIFT_OPTIMIZATION_LEVEL = "-O";
				VALIDATE_PRODUCT = YES;
			};
			name = Release;
		};
		39B825652A6FB781006579CA /* Debug */ = {
			isa = XCBuildConfiguration;
			buildSettings = {
				ASSETCATALOG_COMPILER_APPICON_NAME = AppIcon;
				ASSETCATALOG_COMPILER_GLOBAL_ACCENT_COLOR_NAME = AccentColor;
				CODE_SIGN_STYLE = Automatic;
				CURRENT_PROJECT_VERSION = 1;
				GENERATE_INFOPLIST_FILE = YES;
				INFOPLIST_FILE = "round-tab-bars/Info.plist";
				INFOPLIST_KEY_UIApplicationSupportsIndirectInputEvents = YES;
				INFOPLIST_KEY_UILaunchStoryboardName = LaunchScreen;
				INFOPLIST_KEY_UIMainStoryboardFile = Main;
				INFOPLIST_KEY_UISupportedInterfaceOrientations_iPad = "UIInterfaceOrientationPortrait UIInterfaceOrientationPortraitUpsideDown UIInterfaceOrientationLandscapeLeft UIInterfaceOrientationLandscapeRight";
				INFOPLIST_KEY_UISupportedInterfaceOrientations_iPhone = "UIInterfaceOrientationPortrait UIInterfaceOrientationLandscapeLeft UIInterfaceOrientationLandscapeRight";
				LD_RUNPATH_SEARCH_PATHS = (
					"$(inherited)",
					"@executable_path/Frameworks",
				);
				MARKETING_VERSION = 1.0;
				PRODUCT_BUNDLE_IDENTIFIER = "com.ios.round-tab-bars";
				PRODUCT_NAME = "$(TARGET_NAME)";
				SWIFT_EMIT_LOC_STRINGS = YES;
				SWIFT_VERSION = 5.0;
				TARGETED_DEVICE_FAMILY = "1,2";
			};
			name = Debug;
		};
		39B825662A6FB781006579CA /* Release */ = {
			isa = XCBuildConfiguration;
			buildSettings = {
				ASSETCATALOG_COMPILER_APPICON_NAME = AppIcon;
				ASSETCATALOG_COMPILER_GLOBAL_ACCENT_COLOR_NAME = AccentColor;
				CODE_SIGN_STYLE = Automatic;
				CURRENT_PROJECT_VERSION = 1;
				GENERATE_INFOPLIST_FILE = YES;
				INFOPLIST_FILE = "round-tab-bars/Info.plist";
				INFOPLIST_KEY_UIApplicationSupportsIndirectInputEvents = YES;
				INFOPLIST_KEY_UILaunchStoryboardName = LaunchScreen;
				INFOPLIST_KEY_UIMainStoryboardFile = Main;
				INFOPLIST_KEY_UISupportedInterfaceOrientations_iPad = "UIInterfaceOrientationPortrait UIInterfaceOrientationPortraitUpsideDown UIInterfaceOrientationLandscapeLeft UIInterfaceOrientationLandscapeRight";
				INFOPLIST_KEY_UISupportedInterfaceOrientations_iPhone = "UIInterfaceOrientationPortrait UIInterfaceOrientationLandscapeLeft UIInterfaceOrientationLandscapeRight";
				LD_RUNPATH_SEARCH_PATHS = (
					"$(inherited)",
					"@executable_path/Frameworks",
				);
				MARKETING_VERSION = 1.0;
				PRODUCT_BUNDLE_IDENTIFIER = "com.ios.round-tab-bars";
				PRODUCT_NAME = "$(TARGET_NAME)";
				SWIFT_EMIT_LOC_STRINGS = YES;
				SWIFT_VERSION = 5.0;
				TARGETED_DEVICE_FAMILY = "1,2";
			};
			name = Release;
		};
/* End XCBuildConfiguration section */

/* Begin XCConfigurationList section */
		39B8254B2A6FB77F006579CA /* Build configuration list for PBXProject "round-tab-bars" */ = {
			isa = XCConfigurationList;
			buildConfigurations = (
				39B825622A6FB781006579CA /* Debug */,
				39B825632A6FB781006579CA /* Release */,
			);
			defaultConfigurationIsVisible = 0;
			defaultConfigurationName = Release;
		};
		39B825642A6FB781006579CA /* Build configuration list for PBXNativeTarget "round-tab-bars" */ = {
			isa = XCConfigurationList;
			buildConfigurations = (
				39B825652A6FB781006579CA /* Debug */,
				39B825662A6FB781006579CA /* Release */,
			);
			defaultConfigurationIsVisible = 0;
			defaultConfigurationName = Release;
		};
/* End XCConfigurationList section */
	};
	rootObject = 39B825482A6FB77F006579CA /* Project object */;
}
